
Microsoft Visual Studio Solution File, Format Version 12.00
# Visual Studio Version 16
VisualStudioVersion = 16.0.31105.61
MinimumVisualStudioVersion = 10.0.40219.1
Project("{8BC9CEB8-8B4A-11D0-8D11-00A0C91BC942}") = "单位转换", "单位转换.vcxproj", "{EB25D7EA-EC46-4EF7-92D7-C4063C0DBFA2}"
EndProject
Global
	GlobalSection(SolutionConfigurationPlatforms) = preSolution
		Debug|x64 = Debug|x64
		Debug|x86 = Debug|x86
		Release|x64 = Release|x64
		Release|x86 = Release|x86
	EndGlobalSection
	GlobalSection(ProjectConfigurationPlatforms) = postSolution
		{EB25D7EA-EC46-4EF7-92D7-C4063C0DBFA2}.Debug|x64.ActiveCfg = Debug|x64
		{EB25D7EA-EC46-4EF7-92D7-C4063C0DBFA2}.Debug|x64.Build.0 = Debug|x64
		{EB25D7EA-EC46-4EF7-92D7-C4063C0DBFA2}.Debug|x86.ActiveCfg = Debug|Win32
		{EB25D7EA-EC46-4EF7-92D7-C4063C0DBFA2}.Debug|x86.Build.0 = Debug|Win32
		{EB25D7EA-EC46-4EF7-92D7-C4063C0DBFA2}.Release|x64.ActiveCfg = Release|x64
		{EB25D7EA-EC46-4EF7-92D7-C4063C0DBFA2}.Release|x64.Build.0 = Release|x64
		{EB25D7EA-EC46-4EF7-92D7-C4063C0DBFA2}.Release|x86.ActiveCfg = Release|Win32
		{EB25D7EA-EC46-4EF7-92D7-C4063C0DBFA2}.Release|x86.Build.0 = Release|Win32
	EndGlobalSection
	GlobalSection(SolutionProperties) = preSolution
		HideSolutionNode = FALSE
	EndGlobalSection
	GlobalSection(ExtensibilityGlobals) = postSolution
		SolutionGuid = {7E6ED0E7-BCF9-4619-A5F8-E5C40AC4772A}
	EndGlobalSection
EndGlobal
